// !$*UTF8*$!
{
	archiveVersion = 1;
	classes = {
	};
	objectVersion = 50;
	objects = {

/* Begin PBXBuildFile section */
		7EA7067C231D0D09007BD463 /* AppDelegate.swift in Sources */ = {isa = PBXBuildFile; fileRef = 7EA7067B231D0D09007BD463 /* AppDelegate.swift */; };
		7EA7067E231D0D09007BD463 /* ViewController.swift in Sources */ = {isa = PBXBuildFile; fileRef = 7EA7067D231D0D09007BD463 /* ViewController.swift */; };
		7EA70681231D0D09007BD463 /* Main.storyboard in Resources */ = {isa = PBXBuildFile; fileRef = 7EA7067F231D0D09007BD463 /* Main.storyboard */; };
		7EA70683231D0D0A007BD463 /* Assets.xcassets in Resources */ = {isa = PBXBuildFile; fileRef = 7EA70682231D0D0A007BD463 /* Assets.xcassets */; };
		7EA70686231D0D0A007BD463 /* LaunchScreen.storyboard in Resources */ = {isa = PBXBuildFile; fileRef = 7EA70684231D0D0A007BD463 /* LaunchScreen.storyboard */; };
		7EA7068F231D0D72007BD463 /* CCPColor.swift in Sources */ = {isa = PBXBuildFile; fileRef = 7EA7068E231D0D72007BD463 /* CCPColor.swift */; };
/* End PBXBuildFile section */

/* Begin PBXFileReference section */
		7EA70678231D0D09007BD463 /* CCPColor.app */ = {isa = PBXFileReference; explicitFileType = wrapper.application; includeInIndex = 0; path = CCPColor.app; sourceTree = BUILT_PRODUCTS_DIR; };
		7EA7067B231D0D09007BD463 /* AppDelegate.swift */ = {isa = PBXFileReference; lastKnownFileType = sourcecode.swift; path = AppDelegate.swift; sourceTree = "<group>"; };
		7EA7067D231D0D09007BD463 /* ViewController.swift */ = {isa = PBXFileReference; lastKnownFileType = sourcecode.swift; path = ViewController.swift; sourceTree = "<group>"; };
		7EA70680231D0D09007BD463 /* Base */ = {isa = PBXFileReference; lastKnownFileType = file.storyboard; name = Base; path = Base.lproj/Main.storyboard; sourceTree = "<group>"; };
		7EA70682231D0D0A007BD463 /* Assets.xcassets */ = {isa = PBXFileReference; lastKnownFileType = folder.assetcatalog; path = Assets.xcassets; sourceTree = "<group>"; };
		7EA70685231D0D0A007BD463 /* Base */ = {isa = PBXFileReference; lastKnownFileType = file.storyboard; name = Base; path = Base.lproj/LaunchScreen.storyboard; sourceTree = "<group>"; };
		7EA70687231D0D0A007BD463 /* Info.plist */ = {isa = PBXFileReference; lastKnownFileType = text.plist.xml; path = Info.plist; sourceTree = "<group>"; };
		7EA7068E231D0D72007BD463 /* CCPColor.swift */ = {isa = PBXFileReference; lastKnownFileType = sourcecode.swift; path = CCPColor.swift; sourceTree = "<group>"; };
/* End PBXFileReference section */

/* Begin PBXFrameworksBuildPhase section */
		7EA70675231D0D09007BD463 /* Frameworks */ = {
			isa = PBXFrameworksBuildPhase;
			buildActionMask = 2147483647;
			files = (
			);
			runOnlyForDeploymentPostprocessing = 0;
		};
/* End PBXFrameworksBuildPhase section */

/* Begin PBXGroup section */
		7EA7066F231D0D09007BD463 = {
			isa = PBXGroup;
			children = (
				7EA7067A231D0D09007BD463 /* CCPColor */,
				7EA70679231D0D09007BD463 /* Products */,
			);
			sourceTree = "<group>";
		};
		7EA70679231D0D09007BD463 /* Products */ = {
			isa = PBXGroup;
			children = (
				7EA70678231D0D09007BD463 /* CCPColor.app */,
			);
			name = Products;
			sourceTree = "<group>";
		};
		7EA7067A231D0D09007BD463 /* CCPColor */ = {
			isa = PBXGroup;
			children = (
				7EA7068D231D0D5F007BD463 /* ColorExtension */,
				7EA7067B231D0D09007BD463 /* AppDelegate.swift */,
				7EA7067D231D0D09007BD463 /* ViewController.swift */,
				7EA7067F231D0D09007BD463 /* Main.storyboard */,
				7EA70682231D0D0A007BD463 /* Assets.xcassets */,
				7EA70684231D0D0A007BD463 /* LaunchScreen.storyboard */,
				7EA70687231D0D0A007BD463 /* Info.plist */,
			);
			path = CCPColor;
			sourceTree = "<group>";
		};
		7EA7068D231D0D5F007BD463 /* ColorExtension */ = {
			isa = PBXGroup;
			children = (
				7EA7068E231D0D72007BD463 /* CCPColor.swift */,
			);
			path = ColorExtension;
			sourceTree = "<group>";
		};
/* End PBXGroup section */

/* Begin PBXNativeTarget section */
		7EA70677231D0D09007BD463 /* CCPColor */ = {
			isa = PBXNativeTarget;
			buildConfigurationList = 7EA7068A231D0D0A007BD463 /* Build configuration list for PBXNativeTarget "CCPColor" */;
			buildPhases = (
				7EA70674231D0D09007BD463 /* Sources */,
				7EA70675231D0D09007BD463 /* Frameworks */,
				7EA70676231D0D09007BD463 /* Resources */,
			);
			buildRules = (
			);
			dependencies = (
			);
			name = CCPColor;
			productName = CCPColor;
			productReference = 7EA70678231D0D09007BD463 /* CCPColor.app */;
			productType = "com.apple.product-type.application";
		};
/* End PBXNativeTarget section */

/* Begin PBXProject section */
		7EA70670231D0D09007BD463 /* Project object */ = {
			isa = PBXProject;
			attributes = {
				LastSwiftUpdateCheck = 1020;
				LastUpgradeCheck = 1020;
				ORGANIZATIONNAME = "cool-ccp";
				TargetAttributes = {
					7EA70677231D0D09007BD463 = {
						CreatedOnToolsVersion = 10.2.1;
					};
				};
			};
			buildConfigurationList = 7EA70673231D0D09007BD463 /* Build configuration list for PBXProject "CCPColor" */;
			compatibilityVersion = "Xcode 9.3";
			developmentRegion = en;
			hasScannedForEncodings = 0;
			knownRegions = (
				en,
				Base,
			);
			mainGroup = 7EA7066F231D0D09007BD463;
			productRefGroup = 7EA70679231D0D09007BD463 /* Products */;
			projectDirPath = "";
			projectRoot = "";
			targets = (
				7EA70677231D0D09007BD463 /* CCPColor */,
			);
		};
/* End PBXProject section */

/* Begin PBXResourcesBuildPhase section */
		7EA70676231D0D09007BD463 /* Resources */ = {
			isa = PBXResourcesBuildPhase;
			buildActionMask = 2147483647;
			files = (
				7EA70686231D0D0A007BD463 /* LaunchScreen.storyboard in Resources */,
				7EA70683231D0D0A007BD463 /* Assets.xcassets in Resources */,
				7EA70681231D0D09007BD463 /* Main.storyboard in Resources */,
			);
			runOnlyForDeploymentPostprocessing = 0;
		};
/* End PBXResourcesBuildPhase section */

/* Begin PBXSourcesBuildPhase section */
		7EA70674231D0D09007BD463 /* Sources */ = {
			isa = PBXSourcesBuildPhase;
			buildActionMask = 2147483647;
			files = (
				7EA7067E231D0D09007BD463 /* ViewController.swift in Sources */,
				7EA7068F231D0D72007BD463 /* CCPColor.swift in Sources */,
				7EA7067C231D0D09007BD463 /* AppDelegate.swift in Sources */,
			);
			runOnlyForDeploymentPostprocessing = 0;
		};
/* End PBXSourcesBuildPhase section */

/* Begin PBXVariantGroup section */
		7EA7067F231D0D09007BD463 /* Main.storyboard */ = {
			isa = PBXVariantGroup;
			children = (
				7EA70680231D0D09007BD463 /* Base */,
			);
			name = Main.storyboard;
			sourceTree = "<group>";
		};
		7EA70684231D0D0A007BD463 /* LaunchScreen.storyboard */ = {
			isa = PBXVariantGroup;
			children = (
				7EA70685231D0D0A007BD463 /* Base */,
			);
			name = LaunchScreen.storyboard;
			sourceTree = "<group>";
		};
/* End PBXVariantGroup section */

/* Begin XCBuildConfiguration section */
		7EA70688231D0D0A007BD463 /* Debug */ = {
			isa = XCBuildConfiguration;
			buildSettings = {
				ALWAYS_SEARCH_USER_PATHS = NO;
				CLANG_ANALYZER_NONNULL = YES;
				CLANG_ANALYZER_NUMBER_OBJECT_CONVERSION = YES_AGGRESSIVE;
				CLANG_CXX_LANGUAGE_STANDARD = "gnu++14";
				CLANG_CXX_LIBRARY = "libc++";
				CLANG_ENABLE_MODULES = YES;
				CLANG_ENABLE_OBJC_ARC = YES;
				CLANG_ENABLE_OBJC_WEAK = YES;
				CLANG_WARN_BLOCK_CAPTURE_AUTORELEASING = YES;
				CLANG_WARN_BOOL_CONVERSION = YES;
				CLANG_WARN_COMMA = YES;
				CLANG_WARN_CONSTANT_CONVERSION = YES;
				CLANG_WARN_DEPRECATED_OBJC_IMPLEMENTATIONS = YES;
				CLANG_WARN_DIRECT_OBJC_ISA_USAGE = YES_ERROR;
				CLANG_WARN_DOCUMENTATION_COMMENTS = YES;
				CLANG_WARN_EMPTY_BODY = YES;
				CLANG_WARN_ENUM_CONVERSION = YES;
				CLANG_WARN_INFINITE_RECURSION = YES;
				CLANG_WARN_INT_CONVERSION = YES;
				CLANG_WARN_NON_LITERAL_NULL_CONVERSION = YES;
				CLANG_WARN_OBJC_IMPLICIT_RETAIN_SELF = YES;
				CLANG_WARN_OBJC_LITERAL_CONVERSION = YES;
				CLANG_WARN_OBJC_ROOT_CLASS = YES_ERROR;
				CLANG_WARN_RANGE_LOOP_ANALYSIS = YES;
				CLANG_WARN_STRICT_PROTOTYPES = YES;
				CLANG_WARN_SUSPICIOUS_MOVE = YES;
				CLANG_WARN_UNGUARDED_AVAILABILITY = YES_AGGRESSIVE;
				CLANG_WARN_UNREACHABLE_CODE = YES;
				CLANG_WARN__DUPLICATE_METHOD_MATCH = YES;
				CODE_SIGN_IDENTITY = "iPhone Developer";
				COPY_PHASE_STRIP = NO;
				DEBUG_INFORMATION_FORMAT = dwarf;
				ENABLE_STRICT_OBJC_MSGSEND = YES;
				ENABLE_TESTABILITY = YES;
				GCC_C_LANGUAGE_STANDARD = gnu11;
				GCC_DYNAMIC_NO_PIC = NO;
				GCC_NO_COMMON_BLOCKS = YES;
				GCC_OPTIMIZATION_LEVEL = 0;
				GCC_PREPROCESSOR_DEFINITIONS = (
					"DEBUG=1",
					"$(inherited)",
				);
				GCC_WARN_64_TO_32_BIT_CONVERSION = YES;
				GCC_WARN_ABOUT_RETURN_TYPE = YES_ERROR;
				GCC_WARN_UNDECLARED_SELECTOR = YES;
				GCC_WARN_UNINITIALIZED_AUTOS = YES_AGGRESSIVE;
				GCC_WARN_UNUSED_FUNCTION = YES;
				GCC_WARN_UNUSED_VARIABLE = YES;
				IPHONEOS_DEPLOYMENT_TARGET = 12.2;
				MTL_ENABLE_DEBUG_INFO = INCLUDE_SOURCE;
				MTL_FAST_MATH = YES;
				ONLY_ACTIVE_ARCH = YES;
				SDKROOT = iphoneos;
				SWIFT_ACTIVE_COMPILATION_CONDITIONS = DEBUG;
				SWIFT_OPTIMIZATION_LEVEL = "-Onone";
			};
			name = Debug;
		};
		7EA70689231D0D0A007BD463 /* Release */ = {
			isa = XCBuildConfiguration;
			buildSettings = {
				ALWAYS_SEARCH_USER_PATHS = NO;
				CLANG_ANALYZER_NONNULL = YES;
				CLANG_ANALYZER_NUMBER_OBJECT_CONVERSION = YES_AGGRESSIVE;
				CLANG_CXX_LANGUAGE_STANDARD = "gnu++14";
				CLANG_CXX_LIBRARY = "libc++";
				CLANG_ENABLE_MODULES = YES;
				CLANG_ENABLE_OBJC_ARC = YES;
				CLANG_ENABLE_OBJC_WEAK = YES;
				CLANG_WARN_BLOCK_CAPTURE_AUTORELEASING = YES;
				CLANG_WARN_BOOL_CONVERSION = YES;
				CLANG_WARN_COMMA = YES;
				CLANG_WARN_CONSTANT_CONVERSION = YES;
				CLANG_WARN_DEPRECATED_OBJC_IMPLEMENTATIONS = YES;
				CLANG_WARN_DIRECT_OBJC_ISA_USAGE = YES_ERROR;
				CLANG_WARN_DOCUMENTATION_COMMENTS = YES;
				CLANG_WARN_EMPTY_BODY = YES;
				CLANG_WARN_ENUM_CONVERSION = YES;
				CLANG_WARN_INFINITE_RECURSION = YES;
				CLANG_WARN_INT_CONVERSION = YES;
				CLANG_WARN_NON_LITERAL_NULL_CONVERSION = YES;
				CLANG_WARN_OBJC_IMPLICIT_RETAIN_SELF = YES;
				CLANG_WARN_OBJC_LITERAL_CONVERSION = YES;
				CLANG_WARN_OBJC_ROOT_CLASS = YES_ERROR;
				CLANG_WARN_RANGE_LOOP_ANALYSIS = YES;
				CLANG_WARN_STRICT_PROTOTYPES = YES;
				CLANG_WARN_SUSPICIOUS_MOVE = YES;
				CLANG_WARN_UNGUARDED_AVAILABILITY = YES_AGGRESSIVE;
				CLANG_WARN_UNREACHABLE_CODE = YES;
				CLANG_WARN__DUPLICATE_METHOD_MATCH = YES;
				CODE_SIGN_IDENTITY = "iPhone Developer";
				COPY_PHASE_STRIP = NO;
				DEBUG_INFORMATION_FORMAT = "dwarf-with-dsym";
				ENABLE_NS_ASSERTIONS = NO;
				ENABLE_STRICT_OBJC_MSGSEND = YES;
				GCC_C_LANGUAGE_STANDARD = gnu11;
				GCC_NO_COMMON_BLOCKS = YES;
				GCC_WARN_64_TO_32_BIT_CONVERSION = YES;
				GCC_WARN_ABOUT_RETURN_TYPE = YES_ERROR;
				GCC_WARN_UNDECLARED_SELECTOR = YES;
				GCC_WARN_UNINITIALIZED_AUTOS = YES_AGGRESSIVE;
				GCC_WARN_UNUSED_FUNCTION = YES;
				GCC_WARN_UNUSED_VARIABLE = YES;
				IPHONEOS_DEPLOYMENT_TARGET = 12.2;
				MTL_ENABLE_DEBUG_INFO = NO;
				MTL_FAST_MATH = YES;
				SDKROOT = iphoneos;
				SWIFT_COMPILATION_MODE = wholemodule;
				SWIFT_OPTIMIZATION_LEVEL = "-O";
				VALIDATE_PRODUCT = YES;
			};
			name = Release;
		};
		7EA7068B231D0D0A007BD463 /* Debug */ = {
			isa = XCBuildConfiguration;
			buildSettings = {
				ASSETCATALOG_COMPILER_APPICON_NAME = AppIcon;
				CODE_SIGN_STYLE = Automatic;
				DEVELOPMENT_TEAM = ND2NE475A9;
				INFOPLIST_FILE = CCPColor/Info.plist;
				LD_RUNPATH_SEARCH_PATHS = (
					"$(inherited)",
					"@executable_path/Frameworks",
				);
				PRODUCT_BUNDLE_IDENTIFIER = "cool-ccp.CCPColor";
				PRODUCT_NAME = "$(TARGET_NAME)";
				SWIFT_VERSION = 5.0;
				TARGETED_DEVICE_FAMILY = "1,2";
			};
			name = Debug;
		};
		7EA7068C231D0D0A007BD463 /* Release */ = {
			isa = XCBuildConfiguration;
			buildSettings = {
				ASSETCATALOG_COMPILER_APPICON_NAME = AppIcon;
				CODE_SIGN_STYLE = Automatic;
				DEVELOPMENT_TEAM = ND2NE475A9;
				INFOPLIST_FILE = CCPColor/Info.plist;
				LD_RUNPATH_SEARCH_PATHS = (
					"$(inherited)",
					"@executable_path/Frameworks",
				);
				PRODUCT_BUNDLE_IDENTIFIER = "cool-ccp.CCPColor";
				PRODUCT_NAME = "$(TARGET_NAME)";
				SWIFT_VERSION = 5.0;
				TARGETED_DEVICE_FAMILY = "1,2";
			};
			name = Release;
		};
/* End XCBuildConfiguration section */

/* Begin XCConfigurationList section */
		7EA70673231D0D09007BD463 /* Build configuration list for PBXProject "CCPColor" */ = {
			isa = XCConfigurationList;
			buildConfigurations = (
				7EA70688231D0D0A007BD463 /* Debug */,
				7EA70689231D0D0A007BD463 /* Release */,
			);
			defaultConfigurationIsVisible = 0;
			defaultConfigurationName = Release;
		};
		7EA7068A231D0D0A007BD463 /* Build configuration list for PBXNativeTarget "CCPColor" */ = {
			isa = XCConfigurationList;
			buildConfigurations = (
				7EA7068B231D0D0A007BD463 /* Debug */,
				7EA7068C231D0D0A007BD463 /* Release */,
			);
			defaultConfigurationIsVisible = 0;
			defaultConfigurationName = Release;
		};
/* End XCConfigurationList section */
	};
	rootObject = 7EA70670231D0D09007BD463 /* Project object */;
}
